
Microsoft Visual Studio Solution File, Format Version 12.00
# Visual Studio Version 16
VisualStudioVersion = 16.0.31829.152
MinimumVisualStudioVersion = 10.0.40219.1
Project("{FAE04EC0-301F-11D3-BF4B-00C04F79EFBC}") = "WorkshopTicTacProgram", "WorkshopTicTacProgram.csproj", "{5ECA8BA1-D625-4222-80AF-CA90E00E0249}"
EndProject
Global
	GlobalSection(SolutionConfigurationPlatforms) = preSolution
		Debug|Any CPU = Debug|Any CPU
		Release|Any CPU = Release|Any CPU
	EndGlobalSection
	GlobalSection(ProjectConfigurationPlatforms) = postSolution
		{5ECA8BA1-D625-4222-80AF-CA90E00E0249}.Debug|Any CPU.ActiveCfg = Debug|Any CPU
		{5ECA8BA1-D625-4222-80AF-CA90E00E0249}.Debug|Any CPU.Build.0 = Debug|Any CPU
		{5ECA8BA1-D625-4222-80AF-CA90E00E0249}.Release|Any CPU.ActiveCfg = Release|Any CPU
		{5ECA8BA1-D625-4222-80AF-CA90E00E0249}.Release|Any CPU.Build.0 = Release|Any CPU
	EndGlobalSection
	GlobalSection(SolutionProperties) = preSolution
		HideSolutionNode = FALSE
	EndGlobalSection
	GlobalSection(ExtensibilityGlobals) = postSolution
		SolutionGuid = {2152EC2E-1044-4403-B72D-586D6918F186}
	EndGlobalSection
EndGlobal
